
Microsoft Visual Studio Solution File, Format Version 12.00
# Visual Studio Version 17
VisualStudioVersion = 17.6.33723.286
MinimumVisualStudioVersion = 10.0.40219.1
Project("{9A19103F-16F7-4668-BE54-9A1E7A4F7556}") = "BookStore.Api", "BookStore\BookStore.Api.csproj", "{E5DF028F-65A1-4B97-81A7-40DD4B76E7A4}"
EndProject
Project("{9A19103F-16F7-4668-BE54-9A1E7A4F7556}") = "BookStore.Core", "BookStore.Core\BookStore.Core.csproj", "{5F5AFB98-7B7D-4958-A437-F36459F56878}"
EndProject
Project("{9A19103F-16F7-4668-BE54-9A1E7A4F7556}") = "BookStore.Data", "BookStore.Data\BookStore.Data.csproj", "{2F8F206E-024E-4183-99C0-089F075BE4BD}"
EndProject
Project("{FAE04EC0-301F-11D3-BF4B-00C04F79EFBC}") = "BookStore.Business", "BookStore.Business\BookStore.Business.csproj", "{3CAF7DC9-533B-4021-BBBC-1B02CFBE7114}"
EndProject
Global
	GlobalSection(SolutionConfigurationPlatforms) = preSolution
		Debug|Any CPU = Debug|Any CPU
		Release|Any CPU = Release|Any CPU
	EndGlobalSection
	GlobalSection(ProjectConfigurationPlatforms) = postSolution
		{E5DF028F-65A1-4B97-81A7-40DD4B76E7A4}.Debug|Any CPU.ActiveCfg = Debug|Any CPU
		{E5DF028F-65A1-4B97-81A7-40DD4B76E7A4}.Debug|Any CPU.Build.0 = Debug|Any CPU
		{E5DF028F-65A1-4B97-81A7-40DD4B76E7A4}.Release|Any CPU.ActiveCfg = Release|Any CPU
		{E5DF028F-65A1-4B97-81A7-40DD4B76E7A4}.Release|Any CPU.Build.0 = Release|Any CPU
		{5F5AFB98-7B7D-4958-A437-F36459F56878}.Debug|Any CPU.ActiveCfg = Debug|Any CPU
		{5F5AFB98-7B7D-4958-A437-F36459F56878}.Debug|Any CPU.Build.0 = Debug|Any CPU
		{5F5AFB98-7B7D-4958-A437-F36459F56878}.Release|Any CPU.ActiveCfg = Release|Any CPU
		{5F5AFB98-7B7D-4958-A437-F36459F56878}.Release|Any CPU.Build.0 = Release|Any CPU
		{2F8F206E-024E-4183-99C0-089F075BE4BD}.Debug|Any CPU.ActiveCfg = Debug|Any CPU
		{2F8F206E-024E-4183-99C0-089F075BE4BD}.Debug|Any CPU.Build.0 = Debug|Any CPU
		{2F8F206E-024E-4183-99C0-089F075BE4BD}.Release|Any CPU.ActiveCfg = Release|Any CPU
		{2F8F206E-024E-4183-99C0-089F075BE4BD}.Release|Any CPU.Build.0 = Release|Any CPU
		{3CAF7DC9-533B-4021-BBBC-1B02CFBE7114}.Debug|Any CPU.ActiveCfg = Debug|Any CPU
		{3CAF7DC9-533B-4021-BBBC-1B02CFBE7114}.Debug|Any CPU.Build.0 = Debug|Any CPU
		{3CAF7DC9-533B-4021-BBBC-1B02CFBE7114}.Release|Any CPU.ActiveCfg = Release|Any CPU
		{3CAF7DC9-533B-4021-BBBC-1B02CFBE7114}.Release|Any CPU.Build.0 = Release|Any CPU
	EndGlobalSection
	GlobalSection(SolutionProperties) = preSolution
		HideSolutionNode = FALSE
	EndGlobalSection
	GlobalSection(ExtensibilityGlobals) = postSolution
		SolutionGuid = {47CEC856-EF77-47A7-94E6-A0D74BBDC887}
	EndGlobalSection
EndGlobal
